
Microsoft Visual Studio Solution File, Format Version 12.00
# Visual Studio 15
VisualStudioVersion = 15.0.28307.271
MinimumVisualStudioVersion = 10.0.40219.1
Project("{9A19103F-16F7-4668-BE54-9A1E7A4F7556}") = "Week2", "Week2\Week2.csproj", "{0C2C7AB1-8ABC-4FDC-939C-88D0B6C50403}"
EndProject
Global
	GlobalSection(SolutionConfigurationPlatforms) = preSolution
		Debug|Any CPU = Debug|Any CPU
		Release|Any CPU = Release|Any CPU
	EndGlobalSection
	GlobalSection(ProjectConfigurationPlatforms) = postSolution
		{0C2C7AB1-8ABC-4FDC-939C-88D0B6C50403}.Debug|Any CPU.ActiveCfg = Debug|Any CPU
		{0C2C7AB1-8ABC-4FDC-939C-88D0B6C50403}.Debug|Any CPU.Build.0 = Debug|Any CPU
		{0C2C7AB1-8ABC-4FDC-939C-88D0B6C50403}.Release|Any CPU.ActiveCfg = Release|Any CPU
		{0C2C7AB1-8ABC-4FDC-939C-88D0B6C50403}.Release|Any CPU.Build.0 = Release|Any CPU
	EndGlobalSection
	GlobalSection(SolutionProperties) = preSolution
		HideSolutionNode = FALSE
	EndGlobalSection
	GlobalSection(ExtensibilityGlobals) = postSolution
		SolutionGuid = {D8B46927-0879-4CE9-AD48-FCFC5F84C166}
	EndGlobalSection
EndGlobal
